{
  "version": 4,
  "terraform_version": "1.0.5",
  "serial": 3518,
  "lineage": "cdb80630-8bf2-10c7-251d-7b1fab51d5df",
  "outputs": {},
  "resources": [
    {
      "mode": "managed",
      "type": "null_resource",
      "name": "createppk",
      "provider": "provider[\"registry.terraform.io/hashicorp/null\"]",
      "instances": [
        {
          "schema_version": 0,
          "attributes": {
            "id": "458162006899527466",
            "triggers": null
          },
          "sensitive_attributes": [],
          "private": "bnVsbA==",
          "dependencies": [
            "module.cluster_key.local_file.privatekey",
            "module.cluster_key.tls_private_key.keypair"
          ]
        }
      ]
    },
    {
      "module": "module.ansible_inventory",
      "mode": "managed",
      "type": "local_file",
      "name": "ipfile",
      "provider": "provider[\"registry.terraform.io/hashicorp/local\"]",
      "instances": [
        {
          "schema_version": 0,
          "attributes": {
            "content": "[aws_master]\n15.206.147.202 ansible_user=centos\n\n[aws_slave1]\n3.110.208.228 ansible_user=centos\n\n[azure_slave1]\n20.204.107.11 ansible_user=akhil ansible_become_password=Akhil29@\n\n[slaves:children]\naws_slave1\nazure_slave1\n",
            "content_base64": null,
            "directory_permission": "0777",
            "file_permission": "0777",
            "filename": "ip.txt",
            "id": "14ffec926a10640368c6638156128f73c9b337c9",
            "sensitive_content": null,
            "source": null
          },
          "sensitive_attributes": [],
          "private": "bnVsbA==",
          "dependencies": [
            "module.aws.aws_instance.k8s-master",
            "module.aws.aws_instance.k8s-slave",
            "module.aws.aws_security_group.secure",
            "module.aws.aws_subnet.mysubnet1",
            "module.aws.aws_vpc.myvpc",
            "module.azure.azurerm_linux_virtual_machine.azure_slave_vm",
            "module.azure.azurerm_network_interface.vm_nic",
            "module.azure.azurerm_public_ip.vm_pubip",
            "module.azure.azurerm_resource_group.myrg",
            "module.azure.azurerm_subnet.vm_subnet",
            "module.azure.azurerm_virtual_network.vpc",
            "module.cluster_key.local_file.privatekey",
            "module.cluster_key.tls_private_key.keypair"
          ]
        }
      ]
    },
    {
      "module": "module.aws",
      "mode": "managed",
      "type": "aws_instance",
      "name": "k8s-master",
      "provider": "provider[\"registry.terraform.io/hashicorp/aws\"].myaws",
      "instances": [
        {
          "schema_version": 1,
          "attributes": {
            "ami": "ami-026f33d38b6410e30",
            "arn": "arn:aws:ec2:ap-south-1:328884867008:instance/i-0ad540861ada3cf74",
            "associate_public_ip_address": true,
            "availability_zone": "ap-south-1b",
            "capacity_reservation_specification": [
              {
                "capacity_reservation_preference": "open",
                "capacity_reservation_target": []
              }
            ],
            "cpu_core_count": 2,
            "cpu_threads_per_core": 1,
            "credit_specification": [
              {
                "cpu_credits": "standard"
              }
            ],
            "disable_api_termination": false,
            "ebs_block_device": [],
            "ebs_optimized": false,
            "enclave_options": [
              {
                "enabled": false
              }
            ],
            "ephemeral_block_device": [],
            "get_password_data": false,
            "hibernation": false,
            "host_id": null,
            "iam_instance_profile": "",
            "id": "i-0ad540861ada3cf74",
            "instance_initiated_shutdown_behavior": "stop",
            "instance_state": "running",
            "instance_type": "t2.medium",
            "ipv6_address_count": 0,
            "ipv6_addresses": [],
            "key_name": "k8s-cluster-vm-key",
            "launch_template": [],
            "metadata_options": [
              {
                "http_endpoint": "enabled",
                "http_put_response_hop_limit": 1,
                "http_tokens": "optional"
              }
            ],
            "monitoring": false,
            "network_interface": [],
            "outpost_arn": "",
            "password_data": "",
            "placement_group": "",
            "primary_network_interface_id": "eni-0e4b665745ac96d5d",
            "private_dns": "ip-10-0-2-155.ap-south-1.compute.internal",
            "private_ip": "10.0.2.155",
            "public_dns": "",
            "public_ip": "15.206.147.202",
            "root_block_device": [
              {
                "delete_on_termination": true,
                "device_name": "/dev/sda1",
                "encrypted": false,
                "iops": 100,
                "kms_key_id": "",
                "tags": null,
                "throughput": 0,
                "volume_id": "vol-06913384e1ca7e986",
                "volume_size": 20,
                "volume_type": "gp2"
              }
            ],
            "secondary_private_ips": [],
            "security_groups": [],
            "source_dest_check": true,
            "subnet_id": "subnet-01b027d9102918b23",
            "tags": {
              "Name": "k8s-Master"
            },
            "tags_all": {
              "Name": "k8s-Master"
            },
            "tenancy": "default",
            "timeouts": null,
            "user_data": null,
            "user_data_base64": null,
            "volume_tags": null,
            "vpc_security_group_ids": [
              "sg-08136f0a59f0be7c4"
            ]
          },
          "sensitive_attributes": [],
          "private": "eyJlMmJmYjczMC1lY2FhLTExZTYtOGY4OC0zNDM2M2JjN2M0YzAiOnsiY3JlYXRlIjo2MDAwMDAwMDAwMDAsImRlbGV0ZSI6MTIwMDAwMDAwMDAwMCwidXBkYXRlIjo2MDAwMDAwMDAwMDB9LCJzY2hlbWFfdmVyc2lvbiI6IjEifQ==",
          "dependencies": [
            "module.aws.aws_security_group.secure",
            "module.aws.aws_subnet.mysubnet1",
            "module.aws.aws_vpc.myvpc",
            "module.cluster_key.local_file.privatekey",
            "module.cluster_key.tls_private_key.keypair"
          ]
        }
      ]
    },
    {
      "module": "module.aws",
      "mode": "managed",
      "type": "aws_instance",
      "name": "k8s-slave",
      "provider": "provider[\"registry.terraform.io/hashicorp/aws\"].myaws",
      "instances": [
        {
          "schema_version": 1,
          "attributes": {
            "ami": "ami-026f33d38b6410e30",
            "arn": "arn:aws:ec2:ap-south-1:328884867008:instance/i-06d55114ea2ae0ab1",
            "associate_public_ip_address": true,
            "availability_zone": "ap-south-1b",
            "capacity_reservation_specification": [
              {
                "capacity_reservation_preference": "open",
                "capacity_reservation_target": []
              }
            ],
            "cpu_core_count": 1,
            "cpu_threads_per_core": 1,
            "credit_specification": [
              {
                "cpu_credits": "standard"
              }
            ],
            "disable_api_termination": false,
            "ebs_block_device": [],
            "ebs_optimized": false,
            "enclave_options": [
              {
                "enabled": false
              }
            ],
            "ephemeral_block_device": [],
            "get_password_data": false,
            "hibernation": false,
            "host_id": null,
            "iam_instance_profile": "",
            "id": "i-06d55114ea2ae0ab1",
            "instance_initiated_shutdown_behavior": "stop",
            "instance_state": "running",
            "instance_type": "t2.micro",
            "ipv6_address_count": 0,
            "ipv6_addresses": [],
            "key_name": "k8s-cluster-vm-key",
            "launch_template": [],
            "metadata_options": [
              {
                "http_endpoint": "enabled",
                "http_put_response_hop_limit": 1,
                "http_tokens": "optional"
              }
            ],
            "monitoring": false,
            "network_interface": [],
            "outpost_arn": "",
            "password_data": "",
            "placement_group": "",
            "primary_network_interface_id": "eni-052c499e758ac0922",
            "private_dns": "ip-10-0-2-75.ap-south-1.compute.internal",
            "private_ip": "10.0.2.75",
            "public_dns": "",
            "public_ip": "3.110.208.228",
            "root_block_device": [
              {
                "delete_on_termination": true,
                "device_name": "/dev/sda1",
                "encrypted": false,
                "iops": 100,
                "kms_key_id": "",
                "tags": null,
                "throughput": 0,
                "volume_id": "vol-0a4618a0546296c8b",
                "volume_size": 8,
                "volume_type": "gp2"
              }
            ],
            "secondary_private_ips": [],
            "security_groups": [],
            "source_dest_check": true,
            "subnet_id": "subnet-01b027d9102918b23",
            "tags": {
              "Name": "k8s-Slave1-aws"
            },
            "tags_all": {
              "Name": "k8s-Slave1-aws"
            },
            "tenancy": "default",
            "timeouts": null,
            "user_data": null,
            "user_data_base64": null,
            "volume_tags": null,
            "vpc_security_group_ids": [
              "sg-08136f0a59f0be7c4"
            ]
          },
          "sensitive_attributes": [],
          "private": "eyJlMmJmYjczMC1lY2FhLTExZTYtOGY4OC0zNDM2M2JjN2M0YzAiOnsiY3JlYXRlIjo2MDAwMDAwMDAwMDAsImRlbGV0ZSI6MTIwMDAwMDAwMDAwMCwidXBkYXRlIjo2MDAwMDAwMDAwMDB9LCJzY2hlbWFfdmVyc2lvbiI6IjEifQ==",
          "dependencies": [
            "module.aws.aws_security_group.secure",
            "module.aws.aws_subnet.mysubnet1",
            "module.aws.aws_vpc.myvpc",
            "module.cluster_key.local_file.privatekey",
            "module.cluster_key.tls_private_key.keypair"
          ]
        }
      ]
    },
    {
      "module": "module.aws",
      "mode": "managed",
      "type": "aws_internet_gateway",
      "name": "myigw",
      "provider": "provider[\"registry.terraform.io/hashicorp/aws\"].myaws",
      "instances": [
        {
          "schema_version": 0,
          "attributes": {
            "arn": "arn:aws:ec2:ap-south-1:328884867008:internet-gateway/igw-04e57280786124271",
            "id": "igw-04e57280786124271",
            "owner_id": "328884867008",
            "tags": {
              "Name": "K8s-igw"
            },
            "tags_all": {
              "Name": "K8s-igw"
            },
            "vpc_id": "vpc-0f6d62f56861ea3e0"
          },
          "sensitive_attributes": [],
          "private": "bnVsbA==",
          "dependencies": [
            "module.aws.aws_vpc.myvpc",
            "module.cluster_key.local_file.privatekey",
            "module.cluster_key.tls_private_key.keypair"
          ]
        }
      ]
    },
    {
      "module": "module.aws",
      "mode": "managed",
      "type": "aws_key_pair",
      "name": "deployer",
      "provider": "provider[\"registry.terraform.io/hashicorp/aws\"].myaws",
      "instances": [
        {
          "schema_version": 1,
          "attributes": {
            "arn": "arn:aws:ec2:ap-south-1:328884867008:key-pair/k8s-cluster-vm-key",
            "fingerprint": "b2:b5:e9:2f:3e:eb:24:7c:09:bf:47:33:a3:c7:14:56",
            "id": "k8s-cluster-vm-key",
            "key_name": "k8s-cluster-vm-key",
            "key_name_prefix": null,
            "key_pair_id": "key-0262f5ae64ac60e5e",
            "public_key": "ssh-rsa AAAAB3NzaC1yc2EAAAADAQABAAACAQC0CiYp33kmlyntI8r2qICwDcP/pfu4p3H75UDA8PvUdzbZkdpnuavKQJR/wIHvPP5WXOOSIT+LXzCB7DQ9nt7OY+nzkkAXFQ1PEuVL3i6aWfnqBhNHKW+KGDTbXvujFFvErLkV6+qmKvkO45V4UYZKvY7yIm0Y2obRkd6nwvCXC/8BvoHggqNRX1hAnfEI6PkDBFeePjehptMvnT1+M8PL8MIZgfOXDouDxouOBOzN1f+25DsasN6WBPq2aqux/CDJRIDcqknQRVqZcDMJb9qXuMKHDnK6tyn6aSlJ21HGEyWjP3dS9xbHHy2yEvYDUfR2WpUh+TRP277WaWEOpb27XJ5KGSdhYhiwDTon3ErYCLSexkd2kA3Z9W2wT35nQCLueCp9Fk0CclU4iNMcfF/6LLVTWif4MAYaM605Kjs5LnfcUYRXXrgeReL6CgvnZeSHnP1EBXD0ByPVRUbtIxrd3ZuZP7ZhJ89B4xFNNqTWX0rpIJ/2DRFWfkqkCMiGDKTLWKKt/ZX+5Ouqi54tPH2+MF3RtENML+TzFdP8dc7vQkCdfgQRc9T6EJGgCi1lIWM6b/qOAkTlMA2VjaLFp3jc8jVDSQbNX/95jqsxf+4sKkgPt5T5M5u4wbys65k1GvIxD/hIhxtJwFikRVMGRTal671o4j4WuxB2x0/NSCsKFQ==",
            "tags": null,
            "tags_all": {}
          },
          "sensitive_attributes": [],
          "private": "eyJzY2hlbWFfdmVyc2lvbiI6IjEifQ==",
          "dependencies": [
            "module.cluster_key.local_file.privatekey",
            "module.cluster_key.tls_private_key.keypair"
          ]
        }
      ]
    },
    {
      "module": "module.aws",
      "mode": "managed",
      "type": "aws_route_table",
      "name": "rtable",
      "provider": "provider[\"registry.terraform.io/hashicorp/aws\"].myaws",
      "instances": [
        {
          "schema_version": 0,
          "attributes": {
            "arn": "arn:aws:ec2:ap-south-1:328884867008:route-table/rtb-037323ad29d8db493",
            "id": "rtb-037323ad29d8db493",
            "owner_id": "328884867008",
            "propagating_vgws": [],
            "route": [
              {
                "carrier_gateway_id": "",
                "cidr_block": "0.0.0.0/0",
                "destination_prefix_list_id": "",
                "egress_only_gateway_id": "",
                "gateway_id": "igw-04e57280786124271",
                "instance_id": "",
                "ipv6_cidr_block": "",
                "local_gateway_id": "",
                "nat_gateway_id": "",
                "network_interface_id": "",
                "transit_gateway_id": "",
                "vpc_endpoint_id": "",
                "vpc_peering_connection_id": ""
              }
            ],
            "tags": {
              "Name": "Custom-route-table"
            },
            "tags_all": {
              "Name": "Custom-route-table"
            },
            "vpc_id": "vpc-0f6d62f56861ea3e0"
          },
          "sensitive_attributes": [],
          "private": "bnVsbA==",
          "dependencies": [
            "module.aws.aws_internet_gateway.myigw",
            "module.aws.aws_vpc.myvpc",
            "module.cluster_key.local_file.privatekey",
            "module.cluster_key.tls_private_key.keypair"
          ]
        }
      ]
    },
    {
      "module": "module.aws",
      "mode": "managed",
      "type": "aws_route_table_association",
      "name": "rt_association",
      "provider": "provider[\"registry.terraform.io/hashicorp/aws\"].myaws",
      "instances": [
        {
          "schema_version": 0,
          "attributes": {
            "gateway_id": "",
            "id": "rtbassoc-0b95d15607ff32891",
            "route_table_id": "rtb-037323ad29d8db493",
            "subnet_id": "subnet-01b027d9102918b23"
          },
          "sensitive_attributes": [],
          "private": "bnVsbA==",
          "dependencies": [
            "module.aws.aws_internet_gateway.myigw",
            "module.aws.aws_route_table.rtable",
            "module.aws.aws_subnet.mysubnet1",
            "module.aws.aws_vpc.myvpc",
            "module.cluster_key.local_file.privatekey",
            "module.cluster_key.tls_private_key.keypair"
          ]
        }
      ]
    },
    {
      "module": "module.aws",
      "mode": "managed",
      "type": "aws_security_group",
      "name": "secure",
      "provider": "provider[\"registry.terraform.io/hashicorp/aws\"].myaws",
      "instances": [
        {
          "schema_version": 1,
          "attributes": {
            "arn": "arn:aws:ec2:ap-south-1:328884867008:security-group/sg-08136f0a59f0be7c4",
            "description": "Allow HTTP, SSH inbound traffic",
            "egress": [
              {
                "cidr_blocks": [
                  "0.0.0.0/0"
                ],
                "description": "",
                "from_port": 0,
                "ipv6_cidr_blocks": [],
                "prefix_list_ids": [],
                "protocol": "-1",
                "security_groups": [],
                "self": false,
                "to_port": 0
              }
            ],
            "id": "sg-08136f0a59f0be7c4",
            "ingress": [
              {
                "cidr_blocks": [
                  "0.0.0.0/0"
                ],
                "description": "all",
                "from_port": 0,
                "ipv6_cidr_blocks": [],
                "prefix_list_ids": [],
                "protocol": "-1",
                "security_groups": [],
                "self": false,
                "to_port": 0
              },
              {
                "cidr_blocks": [
                  "0.0.0.0/0"
                ],
                "description": "http",
                "from_port": 80,
                "ipv6_cidr_blocks": [],
                "prefix_list_ids": [],
                "protocol": "tcp",
                "security_groups": [],
                "self": false,
                "to_port": 80
              },
              {
                "cidr_blocks": [
                  "0.0.0.0/0"
                ],
                "description": "ping",
                "from_port": 0,
                "ipv6_cidr_blocks": [],
                "prefix_list_ids": [],
                "protocol": "icmp",
                "security_groups": [],
                "self": false,
                "to_port": -1
              },
              {
                "cidr_blocks": [
                  "0.0.0.0/0"
                ],
                "description": "ssh",
                "from_port": 22,
                "ipv6_cidr_blocks": [],
                "prefix_list_ids": [],
                "protocol": "tcp",
                "security_groups": [],
                "self": false,
                "to_port": 22
              }
            ],
            "name": "secure",
            "name_prefix": "",
            "owner_id": "328884867008",
            "revoke_rules_on_delete": false,
            "tags": {
              "Name": "security-wizard"
            },
            "tags_all": {
              "Name": "security-wizard"
            },
            "timeouts": null,
            "vpc_id": "vpc-0f6d62f56861ea3e0"
          },
          "sensitive_attributes": [],
          "private": "eyJlMmJmYjczMC1lY2FhLTExZTYtOGY4OC0zNDM2M2JjN2M0YzAiOnsiY3JlYXRlIjo2MDAwMDAwMDAwMDAsImRlbGV0ZSI6OTAwMDAwMDAwMDAwfSwic2NoZW1hX3ZlcnNpb24iOiIxIn0=",
          "dependencies": [
            "module.aws.aws_vpc.myvpc",
            "module.cluster_key.local_file.privatekey",
            "module.cluster_key.tls_private_key.keypair"
          ]
        }
      ]
    },
    {
      "module": "module.aws",
      "mode": "managed",
      "type": "aws_subnet",
      "name": "mysubnet1",
      "provider": "provider[\"registry.terraform.io/hashicorp/aws\"].myaws",
      "instances": [
        {
          "schema_version": 1,
          "attributes": {
            "arn": "arn:aws:ec2:ap-south-1:328884867008:subnet/subnet-01b027d9102918b23",
            "assign_ipv6_address_on_creation": false,
            "availability_zone": "ap-south-1b",
            "availability_zone_id": "aps1-az3",
            "cidr_block": "10.0.2.0/24",
            "customer_owned_ipv4_pool": "",
            "id": "subnet-01b027d9102918b23",
            "ipv6_cidr_block": "",
            "ipv6_cidr_block_association_id": "",
            "map_customer_owned_ip_on_launch": false,
            "map_public_ip_on_launch": true,
            "outpost_arn": "",
            "owner_id": "328884867008",
            "tags": {
              "Name": "subnet1_mnkc_project"
            },
            "tags_all": {
              "Name": "subnet1_mnkc_project"
            },
            "timeouts": null,
            "vpc_id": "vpc-0f6d62f56861ea3e0"
          },
          "sensitive_attributes": [],
          "private": "eyJlMmJmYjczMC1lY2FhLTExZTYtOGY4OC0zNDM2M2JjN2M0YzAiOnsiY3JlYXRlIjo2MDAwMDAwMDAwMDAsImRlbGV0ZSI6MTIwMDAwMDAwMDAwMH0sInNjaGVtYV92ZXJzaW9uIjoiMSJ9",
          "dependencies": [
            "module.aws.aws_vpc.myvpc",
            "module.cluster_key.local_file.privatekey",
            "module.cluster_key.tls_private_key.keypair"
          ]
        }
      ]
    },
    {
      "module": "module.aws",
      "mode": "managed",
      "type": "aws_vpc",
      "name": "myvpc",
      "provider": "provider[\"registry.terraform.io/hashicorp/aws\"].myaws",
      "instances": [
        {
          "schema_version": 1,
          "attributes": {
            "arn": "arn:aws:ec2:ap-south-1:328884867008:vpc/vpc-0f6d62f56861ea3e0",
            "assign_generated_ipv6_cidr_block": false,
            "cidr_block": "10.0.0.0/16",
            "default_network_acl_id": "acl-093bdd36f2949956a",
            "default_route_table_id": "rtb-0728af0c8d6900c83",
            "default_security_group_id": "sg-0663ee9c499497efd",
            "dhcp_options_id": "dopt-1a946f71",
            "enable_classiclink": null,
            "enable_classiclink_dns_support": null,
            "enable_dns_hostnames": false,
            "enable_dns_support": true,
            "id": "vpc-0f6d62f56861ea3e0",
            "instance_tenancy": "default",
            "ipv6_association_id": "",
            "ipv6_cidr_block": "",
            "main_route_table_id": "rtb-0728af0c8d6900c83",
            "owner_id": "328884867008",
            "tags": {
              "Name": "aws_vpc_mnkc_project"
            },
            "tags_all": {
              "Name": "aws_vpc_mnkc_project"
            }
          },
          "sensitive_attributes": [],
          "private": "eyJzY2hlbWFfdmVyc2lvbiI6IjEifQ==",
          "dependencies": [
            "module.cluster_key.local_file.privatekey",
            "module.cluster_key.tls_private_key.keypair"
          ]
        }
      ]
    },
    {
      "module": "module.azure",
      "mode": "managed",
      "type": "azurerm_linux_virtual_machine",
      "name": "azure_slave_vm",
      "provider": "provider[\"registry.terraform.io/hashicorp/azurerm\"].myazure",
      "instances": [
        {
          "schema_version": 0,
          "attributes": {
            "additional_capabilities": [],
            "admin_password": "Akhil29@",
            "admin_ssh_key": [
              {
                "public_key": "ssh-rsa AAAAB3NzaC1yc2EAAAADAQABAAACAQC0CiYp33kmlyntI8r2qICwDcP/pfu4p3H75UDA8PvUdzbZkdpnuavKQJR/wIHvPP5WXOOSIT+LXzCB7DQ9nt7OY+nzkkAXFQ1PEuVL3i6aWfnqBhNHKW+KGDTbXvujFFvErLkV6+qmKvkO45V4UYZKvY7yIm0Y2obRkd6nwvCXC/8BvoHggqNRX1hAnfEI6PkDBFeePjehptMvnT1+M8PL8MIZgfOXDouDxouOBOzN1f+25DsasN6WBPq2aqux/CDJRIDcqknQRVqZcDMJb9qXuMKHDnK6tyn6aSlJ21HGEyWjP3dS9xbHHy2yEvYDUfR2WpUh+TRP277WaWEOpb27XJ5KGSdhYhiwDTon3ErYCLSexkd2kA3Z9W2wT35nQCLueCp9Fk0CclU4iNMcfF/6LLVTWif4MAYaM605Kjs5LnfcUYRXXrgeReL6CgvnZeSHnP1EBXD0ByPVRUbtIxrd3ZuZP7ZhJ89B4xFNNqTWX0rpIJ/2DRFWfkqkCMiGDKTLWKKt/ZX+5Ouqi54tPH2+MF3RtENML+TzFdP8dc7vQkCdfgQRc9T6EJGgCi1lIWM6b/qOAkTlMA2VjaLFp3jc8jVDSQbNX/95jqsxf+4sKkgPt5T5M5u4wbys65k1GvIxD/hIhxtJwFikRVMGRTal671o4j4WuxB2x0/NSCsKFQ==\n",
                "username": "akhil"
              }
            ],
            "admin_username": "akhil",
            "allow_extension_operations": true,
            "availability_set_id": "",
            "boot_diagnostics": [],
            "computer_name": "azure-slave",
            "custom_data": null,
            "dedicated_host_id": "",
            "disable_password_authentication": false,
            "encryption_at_host_enabled": false,
            "eviction_policy": "",
            "extensions_time_budget": "PT1H30M",
            "id": "/subscriptions/6c8c8a7b-6023-4b39-8f24-f8aa195e268b/resourceGroups/mnkc_rg/providers/Microsoft.Compute/virtualMachines/azure_slave2",
            "identity": [],
            "license_type": "",
            "location": "centralindia",
            "max_bid_price": -1,
            "name": "azure_slave2",
            "network_interface_ids": [
              "/subscriptions/6c8c8a7b-6023-4b39-8f24-f8aa195e268b/resourceGroups/mnkc_rg/providers/Microsoft.Network/networkInterfaces/slave1-nic"
            ],
            "os_disk": [
              {
                "caching": "ReadWrite",
                "diff_disk_settings": [],
                "disk_encryption_set_id": "",
                "disk_size_gb": 70,
                "name": "vm_disk",
                "storage_account_type": "Standard_LRS",
                "write_accelerator_enabled": false
              }
            ],
            "plan": [],
            "platform_fault_domain": -1,
            "priority": "Regular",
            "private_ip_address": "192.168.1.4",
            "private_ip_addresses": [
              "192.168.1.4"
            ],
            "provision_vm_agent": true,
            "proximity_placement_group_id": "",
            "public_ip_address": "20.204.107.11",
            "public_ip_addresses": [
              "20.204.107.11"
            ],
            "resource_group_name": "mnkc_rg",
            "secret": [],
            "size": "Standard_F2",
            "source_image_id": "",
            "source_image_reference": [
              {
                "offer": "Centos",
                "publisher": "OpenLogic",
                "sku": "7.5",
                "version": "latest"
              }
            ],
            "tags": {
              "Name": "k8s-slave-azure"
            },
            "timeouts": null,
            "virtual_machine_id": "a48d6c40-5c1f-4106-ad21-3dd83cf6c407",
            "virtual_machine_scale_set_id": "",
            "zone": ""
          },
          "sensitive_attributes": [],
          "private": "eyJlMmJmYjczMC1lY2FhLTExZTYtOGY4OC0zNDM2M2JjN2M0YzAiOnsiY3JlYXRlIjoyNzAwMDAwMDAwMDAwLCJkZWxldGUiOjI3MDAwMDAwMDAwMDAsInJlYWQiOjMwMDAwMDAwMDAwMCwidXBkYXRlIjoyNzAwMDAwMDAwMDAwfX0=",
          "dependencies": [
            "module.azure.azurerm_network_interface.vm_nic",
            "module.azure.azurerm_public_ip.vm_pubip",
            "module.azure.azurerm_resource_group.myrg",
            "module.azure.azurerm_subnet.vm_subnet",
            "module.azure.azurerm_virtual_network.vpc",
            "module.cluster_key.local_file.privatekey",
            "module.cluster_key.tls_private_key.keypair"
          ]
        }
      ]
    },
    {
      "module": "module.azure",
      "mode": "managed",
      "type": "azurerm_network_interface",
      "name": "vm_nic",
      "provider": "provider[\"registry.terraform.io/hashicorp/azurerm\"].myazure",
      "instances": [
        {
          "schema_version": 0,
          "attributes": {
            "applied_dns_servers": [],
            "dns_servers": [],
            "enable_accelerated_networking": false,
            "enable_ip_forwarding": true,
            "id": "/subscriptions/6c8c8a7b-6023-4b39-8f24-f8aa195e268b/resourceGroups/mnkc_rg/providers/Microsoft.Network/networkInterfaces/slave1-nic",
            "internal_dns_name_label": "",
            "internal_domain_name_suffix": "zdjsiuuwniauri23syhwlezodc.rx.internal.cloudapp.net",
            "ip_configuration": [
              {
                "name": "internal",
                "primary": true,
                "private_ip_address": "192.168.1.4",
                "private_ip_address_allocation": "Dynamic",
                "private_ip_address_version": "IPv4",
                "public_ip_address_id": "/subscriptions/6c8c8a7b-6023-4b39-8f24-f8aa195e268b/resourceGroups/mnkc_rg/providers/Microsoft.Network/publicIPAddresses/acceptanceTestPublicIp1",
                "subnet_id": "/subscriptions/6c8c8a7b-6023-4b39-8f24-f8aa195e268b/resourceGroups/mnkc_rg/providers/Microsoft.Network/virtualNetworks/vpc/subnets/subnet1"
              }
            ],
            "location": "centralindia",
            "mac_address": "",
            "name": "slave1-nic",
            "private_ip_address": "192.168.1.4",
            "private_ip_addresses": [
              "192.168.1.4"
            ],
            "resource_group_name": "mnkc_rg",
            "tags": null,
            "timeouts": null,
            "virtual_machine_id": ""
          },
          "sensitive_attributes": [],
          "private": "eyJlMmJmYjczMC1lY2FhLTExZTYtOGY4OC0zNDM2M2JjN2M0YzAiOnsiY3JlYXRlIjoxODAwMDAwMDAwMDAwLCJkZWxldGUiOjE4MDAwMDAwMDAwMDAsInJlYWQiOjMwMDAwMDAwMDAwMCwidXBkYXRlIjoxODAwMDAwMDAwMDAwfX0=",
          "dependencies": [
            "module.azure.azurerm_public_ip.vm_pubip",
            "module.azure.azurerm_resource_group.myrg",
            "module.azure.azurerm_subnet.vm_subnet",
            "module.azure.azurerm_virtual_network.vpc",
            "module.cluster_key.local_file.privatekey",
            "module.cluster_key.tls_private_key.keypair"
          ]
        }
      ]
    },
    {
      "module": "module.azure",
      "mode": "managed",
      "type": "azurerm_network_security_group",
      "name": "vm_sg",
      "provider": "provider[\"registry.terraform.io/hashicorp/azurerm\"].myazure",
      "instances": [
        {
          "schema_version": 0,
          "attributes": {
            "id": "/subscriptions/6c8c8a7b-6023-4b39-8f24-f8aa195e268b/resourceGroups/mnkc_rg/providers/Microsoft.Network/networkSecurityGroups/security_wizard",
            "location": "centralindia",
            "name": "security_wizard",
            "resource_group_name": "mnkc_rg",
            "security_rule": [],
            "tags": {
              "Name": "security_wizard"
            },
            "timeouts": null
          },
          "sensitive_attributes": [],
          "private": "eyJlMmJmYjczMC1lY2FhLTExZTYtOGY4OC0zNDM2M2JjN2M0YzAiOnsiY3JlYXRlIjoxODAwMDAwMDAwMDAwLCJkZWxldGUiOjE4MDAwMDAwMDAwMDAsInJlYWQiOjMwMDAwMDAwMDAwMCwidXBkYXRlIjoxODAwMDAwMDAwMDAwfX0=",
          "dependencies": [
            "module.azure.azurerm_resource_group.myrg",
            "module.cluster_key.local_file.privatekey",
            "module.cluster_key.tls_private_key.keypair"
          ]
        }
      ]
    },
    {
      "module": "module.azure",
      "mode": "managed",
      "type": "azurerm_network_security_rule",
      "name": "sgrule1",
      "provider": "provider[\"registry.terraform.io/hashicorp/azurerm\"].myazure",
      "instances": [
        {
          "schema_version": 0,
          "attributes": {
            "access": "Allow",
            "description": "",
            "destination_address_prefix": "*",
            "destination_address_prefixes": null,
            "destination_application_security_group_ids": null,
            "destination_port_range": "*",
            "destination_port_ranges": null,
            "direction": "Inbound",
            "id": "/subscriptions/6c8c8a7b-6023-4b39-8f24-f8aa195e268b/resourceGroups/mnkc_rg/providers/Microsoft.Network/networkSecurityGroups/security_wizard/securityRules/allow-ssh",
            "name": "allow-ssh",
            "network_security_group_name": "security_wizard",
            "priority": 100,
            "protocol": "Tcp",
            "resource_group_name": "mnkc_rg",
            "source_address_prefix": "*",
            "source_address_prefixes": null,
            "source_application_security_group_ids": null,
            "source_port_range": "22",
            "source_port_ranges": null,
            "timeouts": null
          },
          "sensitive_attributes": [],
          "private": "eyJlMmJmYjczMC1lY2FhLTExZTYtOGY4OC0zNDM2M2JjN2M0YzAiOnsiY3JlYXRlIjoxODAwMDAwMDAwMDAwLCJkZWxldGUiOjE4MDAwMDAwMDAwMDAsInJlYWQiOjMwMDAwMDAwMDAwMCwidXBkYXRlIjoxODAwMDAwMDAwMDAwfX0=",
          "dependencies": [
            "module.azure.azurerm_network_security_group.vm_sg",
            "module.azure.azurerm_resource_group.myrg",
            "module.cluster_key.local_file.privatekey",
            "module.cluster_key.tls_private_key.keypair"
          ]
        }
      ]
    },
    {
      "module": "module.azure",
      "mode": "managed",
      "type": "azurerm_network_security_rule",
      "name": "sgrule2",
      "provider": "provider[\"registry.terraform.io/hashicorp/azurerm\"].myazure",
      "instances": [
        {
          "schema_version": 0,
          "attributes": {
            "access": "Allow",
            "description": "",
            "destination_address_prefix": "*",
            "destination_address_prefixes": null,
            "destination_application_security_group_ids": null,
            "destination_port_range": "*",
            "destination_port_ranges": null,
            "direction": "Inbound",
            "id": "/subscriptions/6c8c8a7b-6023-4b39-8f24-f8aa195e268b/resourceGroups/mnkc_rg/providers/Microsoft.Network/networkSecurityGroups/security_wizard/securityRules/allow-http",
            "name": "allow-http",
            "network_security_group_name": "security_wizard",
            "priority": 101,
            "protocol": "Tcp",
            "resource_group_name": "mnkc_rg",
            "source_address_prefix": "*",
            "source_address_prefixes": null,
            "source_application_security_group_ids": null,
            "source_port_range": "80",
            "source_port_ranges": null,
            "timeouts": null
          },
          "sensitive_attributes": [],
          "private": "eyJlMmJmYjczMC1lY2FhLTExZTYtOGY4OC0zNDM2M2JjN2M0YzAiOnsiY3JlYXRlIjoxODAwMDAwMDAwMDAwLCJkZWxldGUiOjE4MDAwMDAwMDAwMDAsInJlYWQiOjMwMDAwMDAwMDAwMCwidXBkYXRlIjoxODAwMDAwMDAwMDAwfX0=",
          "dependencies": [
            "module.azure.azurerm_network_security_group.vm_sg",
            "module.azure.azurerm_resource_group.myrg",
            "module.cluster_key.local_file.privatekey",
            "module.cluster_key.tls_private_key.keypair"
          ]
        }
      ]
    },
    {
      "module": "module.azure",
      "mode": "managed",
      "type": "azurerm_network_security_rule",
      "name": "sgrule3",
      "provider": "provider[\"registry.terraform.io/hashicorp/azurerm\"].myazure",
      "instances": [
        {
          "schema_version": 0,
          "attributes": {
            "access": "Allow",
            "description": "",
            "destination_address_prefix": "*",
            "destination_address_prefixes": null,
            "destination_application_security_group_ids": null,
            "destination_port_range": "*",
            "destination_port_ranges": null,
            "direction": "Inbound",
            "id": "/subscriptions/6c8c8a7b-6023-4b39-8f24-f8aa195e268b/resourceGroups/mnkc_rg/providers/Microsoft.Network/networkSecurityGroups/security_wizard/securityRules/k8s-1",
            "name": "k8s-1",
            "network_security_group_name": "security_wizard",
            "priority": 102,
            "protocol": "Tcp",
            "resource_group_name": "mnkc_rg",
            "source_address_prefix": "*",
            "source_address_prefixes": null,
            "source_application_security_group_ids": null,
            "source_port_range": "6443",
            "source_port_ranges": null,
            "timeouts": null
          },
          "sensitive_attributes": [],
          "private": "eyJlMmJmYjczMC1lY2FhLTExZTYtOGY4OC0zNDM2M2JjN2M0YzAiOnsiY3JlYXRlIjoxODAwMDAwMDAwMDAwLCJkZWxldGUiOjE4MDAwMDAwMDAwMDAsInJlYWQiOjMwMDAwMDAwMDAwMCwidXBkYXRlIjoxODAwMDAwMDAwMDAwfX0=",
          "dependencies": [
            "module.azure.azurerm_network_security_group.vm_sg",
            "module.azure.azurerm_resource_group.myrg",
            "module.cluster_key.local_file.privatekey",
            "module.cluster_key.tls_private_key.keypair"
          ]
        }
      ]
    },
    {
      "module": "module.azure",
      "mode": "managed",
      "type": "azurerm_network_security_rule",
      "name": "sgrule4",
      "provider": "provider[\"registry.terraform.io/hashicorp/azurerm\"].myazure",
      "instances": [
        {
          "schema_version": 0,
          "attributes": {
            "access": "Allow",
            "description": "",
            "destination_address_prefix": "*",
            "destination_address_prefixes": null,
            "destination_application_security_group_ids": null,
            "destination_port_range": "*",
            "destination_port_ranges": null,
            "direction": "Inbound",
            "id": "/subscriptions/6c8c8a7b-6023-4b39-8f24-f8aa195e268b/resourceGroups/mnkc_rg/providers/Microsoft.Network/networkSecurityGroups/security_wizard/securityRules/k8s-2",
            "name": "k8s-2",
            "network_security_group_name": "security_wizard",
            "priority": 103,
            "protocol": "Tcp",
            "resource_group_name": "mnkc_rg",
            "source_address_prefix": "*",
            "source_address_prefixes": null,
            "source_application_security_group_ids": null,
            "source_port_range": "8080",
            "source_port_ranges": null,
            "timeouts": null
          },
          "sensitive_attributes": [],
          "private": "eyJlMmJmYjczMC1lY2FhLTExZTYtOGY4OC0zNDM2M2JjN2M0YzAiOnsiY3JlYXRlIjoxODAwMDAwMDAwMDAwLCJkZWxldGUiOjE4MDAwMDAwMDAwMDAsInJlYWQiOjMwMDAwMDAwMDAwMCwidXBkYXRlIjoxODAwMDAwMDAwMDAwfX0=",
          "dependencies": [
            "module.azure.azurerm_network_security_group.vm_sg",
            "module.azure.azurerm_resource_group.myrg",
            "module.cluster_key.local_file.privatekey",
            "module.cluster_key.tls_private_key.keypair"
          ]
        }
      ]
    },
    {
      "module": "module.azure",
      "mode": "managed",
      "type": "azurerm_network_security_rule",
      "name": "sgrule5",
      "provider": "provider[\"registry.terraform.io/hashicorp/azurerm\"].myazure",
      "instances": [
        {
          "schema_version": 0,
          "attributes": {
            "access": "Allow",
            "description": "",
            "destination_address_prefix": "*",
            "destination_address_prefixes": null,
            "destination_application_security_group_ids": null,
            "destination_port_range": "*",
            "destination_port_ranges": null,
            "direction": "Inbound",
            "id": "/subscriptions/6c8c8a7b-6023-4b39-8f24-f8aa195e268b/resourceGroups/mnkc_rg/providers/Microsoft.Network/networkSecurityGroups/security_wizard/securityRules/ping",
            "name": "ping",
            "network_security_group_name": "security_wizard",
            "priority": 104,
            "protocol": "Icmp",
            "resource_group_name": "mnkc_rg",
            "source_address_prefix": "*",
            "source_address_prefixes": null,
            "source_application_security_group_ids": null,
            "source_port_range": "*",
            "source_port_ranges": null,
            "timeouts": null
          },
          "sensitive_attributes": [],
          "private": "eyJlMmJmYjczMC1lY2FhLTExZTYtOGY4OC0zNDM2M2JjN2M0YzAiOnsiY3JlYXRlIjoxODAwMDAwMDAwMDAwLCJkZWxldGUiOjE4MDAwMDAwMDAwMDAsInJlYWQiOjMwMDAwMDAwMDAwMCwidXBkYXRlIjoxODAwMDAwMDAwMDAwfX0=",
          "dependencies": [
            "module.azure.azurerm_network_security_group.vm_sg",
            "module.azure.azurerm_resource_group.myrg",
            "module.cluster_key.local_file.privatekey",
            "module.cluster_key.tls_private_key.keypair"
          ]
        }
      ]
    },
    {
      "module": "module.azure",
      "mode": "managed",
      "type": "azurerm_network_security_rule",
      "name": "sgrule6",
      "provider": "provider[\"registry.terraform.io/hashicorp/azurerm\"].myazure",
      "instances": [
        {
          "schema_version": 0,
          "attributes": {
            "access": "Allow",
            "description": "",
            "destination_address_prefix": "*",
            "destination_address_prefixes": null,
            "destination_application_security_group_ids": null,
            "destination_port_range": "*",
            "destination_port_ranges": null,
            "direction": "Outbound",
            "id": "/subscriptions/6c8c8a7b-6023-4b39-8f24-f8aa195e268b/resourceGroups/mnkc_rg/providers/Microsoft.Network/networkSecurityGroups/security_wizard/securityRules/egress",
            "name": "egress",
            "network_security_group_name": "security_wizard",
            "priority": 100,
            "protocol": "*",
            "resource_group_name": "mnkc_rg",
            "source_address_prefix": "*",
            "source_address_prefixes": null,
            "source_application_security_group_ids": null,
            "source_port_range": "*",
            "source_port_ranges": null,
            "timeouts": null
          },
          "sensitive_attributes": [],
          "private": "eyJlMmJmYjczMC1lY2FhLTExZTYtOGY4OC0zNDM2M2JjN2M0YzAiOnsiY3JlYXRlIjoxODAwMDAwMDAwMDAwLCJkZWxldGUiOjE4MDAwMDAwMDAwMDAsInJlYWQiOjMwMDAwMDAwMDAwMCwidXBkYXRlIjoxODAwMDAwMDAwMDAwfX0=",
          "dependencies": [
            "module.azure.azurerm_network_security_group.vm_sg",
            "module.azure.azurerm_resource_group.myrg",
            "module.cluster_key.local_file.privatekey",
            "module.cluster_key.tls_private_key.keypair"
          ]
        }
      ]
    },
    {
      "module": "module.azure",
      "mode": "managed",
      "type": "azurerm_public_ip",
      "name": "azure_pubip1",
      "provider": "provider[\"registry.terraform.io/hashicorp/azurerm\"].myazure",
      "instances": [
        {
          "schema_version": 0,
          "attributes": {
            "allocation_method": "Static",
            "availability_zone": "No-Zone",
            "domain_name_label": null,
            "fqdn": null,
            "id": "/subscriptions/6c8c8a7b-6023-4b39-8f24-f8aa195e268b/resourceGroups/mnkc_rg/providers/Microsoft.Network/publicIPAddresses/publicIPforVPN",
            "idle_timeout_in_minutes": 4,
            "ip_address": "20.204.14.188",
            "ip_tags": null,
            "ip_version": "IPv4",
            "location": "centralindia",
            "name": "publicIPforVPN",
            "public_ip_prefix_id": null,
            "resource_group_name": "mnkc_rg",
            "reverse_fqdn": null,
            "sku": "Basic",
            "sku_tier": "Regional",
            "tags": null,
            "timeouts": null,
            "zones": []
          },
          "sensitive_attributes": [],
          "private": "eyJlMmJmYjczMC1lY2FhLTExZTYtOGY4OC0zNDM2M2JjN2M0YzAiOnsiY3JlYXRlIjoxODAwMDAwMDAwMDAwLCJkZWxldGUiOjE4MDAwMDAwMDAwMDAsInJlYWQiOjMwMDAwMDAwMDAwMCwidXBkYXRlIjoxODAwMDAwMDAwMDAwfX0=",
          "dependencies": [
            "module.azure.azurerm_resource_group.myrg",
            "module.cluster_key.local_file.privatekey",
            "module.cluster_key.tls_private_key.keypair"
          ]
        }
      ]
    },
    {
      "module": "module.azure",
      "mode": "managed",
      "type": "azurerm_public_ip",
      "name": "vm_pubip",
      "provider": "provider[\"registry.terraform.io/hashicorp/azurerm\"].myazure",
      "instances": [
        {
          "schema_version": 0,
          "attributes": {
            "allocation_method": "Dynamic",
            "availability_zone": "No-Zone",
            "domain_name_label": null,
            "fqdn": null,
            "id": "/subscriptions/6c8c8a7b-6023-4b39-8f24-f8aa195e268b/resourceGroups/mnkc_rg/providers/Microsoft.Network/publicIPAddresses/acceptanceTestPublicIp1",
            "idle_timeout_in_minutes": 4,
            "ip_address": "",
            "ip_tags": null,
            "ip_version": "IPv4",
            "location": "centralindia",
            "name": "acceptanceTestPublicIp1",
            "public_ip_prefix_id": null,
            "resource_group_name": "mnkc_rg",
            "reverse_fqdn": null,
            "sku": "Basic",
            "sku_tier": "Regional",
            "tags": {
              "Name": "slavevm-ip"
            },
            "timeouts": null,
            "zones": []
          },
          "sensitive_attributes": [],
          "private": "eyJlMmJmYjczMC1lY2FhLTExZTYtOGY4OC0zNDM2M2JjN2M0YzAiOnsiY3JlYXRlIjoxODAwMDAwMDAwMDAwLCJkZWxldGUiOjE4MDAwMDAwMDAwMDAsInJlYWQiOjMwMDAwMDAwMDAwMCwidXBkYXRlIjoxODAwMDAwMDAwMDAwfX0=",
          "dependencies": [
            "module.azure.azurerm_resource_group.myrg",
            "module.cluster_key.local_file.privatekey",
            "module.cluster_key.tls_private_key.keypair"
          ]
        }
      ]
    },
    {
      "module": "module.azure",
      "mode": "managed",
      "type": "azurerm_resource_group",
      "name": "myrg",
      "provider": "provider[\"registry.terraform.io/hashicorp/azurerm\"].myazure",
      "instances": [
        {
          "schema_version": 0,
          "attributes": {
            "id": "/subscriptions/6c8c8a7b-6023-4b39-8f24-f8aa195e268b/resourceGroups/mnkc_rg",
            "location": "centralindia",
            "name": "mnkc_rg",
            "tags": null,
            "timeouts": null
          },
          "sensitive_attributes": [],
          "private": "eyJlMmJmYjczMC1lY2FhLTExZTYtOGY4OC0zNDM2M2JjN2M0YzAiOnsiY3JlYXRlIjo1NDAwMDAwMDAwMDAwLCJkZWxldGUiOjU0MDAwMDAwMDAwMDAsInJlYWQiOjMwMDAwMDAwMDAwMCwidXBkYXRlIjo1NDAwMDAwMDAwMDAwfX0=",
          "dependencies": [
            "module.cluster_key.local_file.privatekey",
            "module.cluster_key.tls_private_key.keypair"
          ]
        }
      ]
    },
    {
      "module": "module.azure",
      "mode": "managed",
      "type": "azurerm_ssh_public_key",
      "name": "cluster-key",
      "provider": "provider[\"registry.terraform.io/hashicorp/azurerm\"].myazure",
      "instances": [
        {
          "schema_version": 0,
          "attributes": {
            "id": "/subscriptions/6c8c8a7b-6023-4b39-8f24-f8aa195e268b/resourceGroups/MNKC_RG/providers/Microsoft.Compute/sshPublicKeys/k8s-cluster-vm-key",
            "location": "centralindia",
            "name": "k8s-cluster-vm-key",
            "public_key": "ssh-rsa AAAAB3NzaC1yc2EAAAADAQABAAACAQC0CiYp33kmlyntI8r2qICwDcP/pfu4p3H75UDA8PvUdzbZkdpnuavKQJR/wIHvPP5WXOOSIT+LXzCB7DQ9nt7OY+nzkkAXFQ1PEuVL3i6aWfnqBhNHKW+KGDTbXvujFFvErLkV6+qmKvkO45V4UYZKvY7yIm0Y2obRkd6nwvCXC/8BvoHggqNRX1hAnfEI6PkDBFeePjehptMvnT1+M8PL8MIZgfOXDouDxouOBOzN1f+25DsasN6WBPq2aqux/CDJRIDcqknQRVqZcDMJb9qXuMKHDnK6tyn6aSlJ21HGEyWjP3dS9xbHHy2yEvYDUfR2WpUh+TRP277WaWEOpb27XJ5KGSdhYhiwDTon3ErYCLSexkd2kA3Z9W2wT35nQCLueCp9Fk0CclU4iNMcfF/6LLVTWif4MAYaM605Kjs5LnfcUYRXXrgeReL6CgvnZeSHnP1EBXD0ByPVRUbtIxrd3ZuZP7ZhJ89B4xFNNqTWX0rpIJ/2DRFWfkqkCMiGDKTLWKKt/ZX+5Ouqi54tPH2+MF3RtENML+TzFdP8dc7vQkCdfgQRc9T6EJGgCi1lIWM6b/qOAkTlMA2VjaLFp3jc8jVDSQbNX/95jqsxf+4sKkgPt5T5M5u4wbys65k1GvIxD/hIhxtJwFikRVMGRTal671o4j4WuxB2x0/NSCsKFQ==\n",
            "resource_group_name": "MNKC_RG",
            "tags": null,
            "timeouts": null
          },
          "sensitive_attributes": [],
          "private": "eyJlMmJmYjczMC1lY2FhLTExZTYtOGY4OC0zNDM2M2JjN2M0YzAiOnsiY3JlYXRlIjoyNzAwMDAwMDAwMDAwLCJkZWxldGUiOjI3MDAwMDAwMDAwMDAsInJlYWQiOjMwMDAwMDAwMDAwMCwidXBkYXRlIjoyNzAwMDAwMDAwMDAwfX0=",
          "dependencies": [
            "module.azure.azurerm_resource_group.myrg",
            "module.cluster_key.local_file.privatekey",
            "module.cluster_key.tls_private_key.keypair"
          ]
        }
      ]
    },
    {
      "module": "module.azure",
      "mode": "managed",
      "type": "azurerm_subnet",
      "name": "vm_subnet",
      "provider": "provider[\"registry.terraform.io/hashicorp/azurerm\"].myazure",
      "instances": [
        {
          "schema_version": 0,
          "attributes": {
            "address_prefix": "192.168.1.0/24",
            "address_prefixes": [
              "192.168.1.0/24"
            ],
            "delegation": [],
            "enforce_private_link_endpoint_network_policies": false,
            "enforce_private_link_service_network_policies": false,
            "id": "/subscriptions/6c8c8a7b-6023-4b39-8f24-f8aa195e268b/resourceGroups/mnkc_rg/providers/Microsoft.Network/virtualNetworks/vpc/subnets/subnet1",
            "name": "subnet1",
            "resource_group_name": "mnkc_rg",
            "service_endpoint_policy_ids": null,
            "service_endpoints": null,
            "timeouts": null,
            "virtual_network_name": "vpc"
          },
          "sensitive_attributes": [],
          "private": "eyJlMmJmYjczMC1lY2FhLTExZTYtOGY4OC0zNDM2M2JjN2M0YzAiOnsiY3JlYXRlIjoxODAwMDAwMDAwMDAwLCJkZWxldGUiOjE4MDAwMDAwMDAwMDAsInJlYWQiOjMwMDAwMDAwMDAwMCwidXBkYXRlIjoxODAwMDAwMDAwMDAwfX0=",
          "dependencies": [
            "module.azure.azurerm_resource_group.myrg",
            "module.azure.azurerm_virtual_network.vpc",
            "module.cluster_key.local_file.privatekey",
            "module.cluster_key.tls_private_key.keypair"
          ]
        }
      ]
    },
    {
      "module": "module.azure",
      "mode": "managed",
      "type": "azurerm_virtual_network",
      "name": "vpc",
      "provider": "provider[\"registry.terraform.io/hashicorp/azurerm\"].myazure",
      "instances": [
        {
          "schema_version": 0,
          "attributes": {
            "address_space": [
              "192.168.0.0/16"
            ],
            "bgp_community": "",
            "ddos_protection_plan": [],
            "dns_servers": [],
            "guid": "5224d3c8-6a96-4801-a39d-960f65932e1a",
            "id": "/subscriptions/6c8c8a7b-6023-4b39-8f24-f8aa195e268b/resourceGroups/mnkc_rg/providers/Microsoft.Network/virtualNetworks/vpc",
            "location": "centralindia",
            "name": "vpc",
            "resource_group_name": "mnkc_rg",
            "subnet": [],
            "tags": {
              "Name": "vpc_mnkc"
            },
            "timeouts": null,
            "vm_protection_enabled": false
          },
          "sensitive_attributes": [],
          "private": "eyJlMmJmYjczMC1lY2FhLTExZTYtOGY4OC0zNDM2M2JjN2M0YzAiOnsiY3JlYXRlIjoxODAwMDAwMDAwMDAwLCJkZWxldGUiOjE4MDAwMDAwMDAwMDAsInJlYWQiOjMwMDAwMDAwMDAwMCwidXBkYXRlIjoxODAwMDAwMDAwMDAwfX0=",
          "dependencies": [
            "module.azure.azurerm_resource_group.myrg",
            "module.cluster_key.local_file.privatekey",
            "module.cluster_key.tls_private_key.keypair"
          ]
        }
      ]
    },
    {
      "module": "module.cluster_key",
      "mode": "managed",
      "type": "local_file",
      "name": "privatekey",
      "provider": "provider[\"registry.terraform.io/hashicorp/local\"]",
      "instances": [
        {
          "schema_version": 0,
          "attributes": {
            "content": "-----BEGIN RSA PRIVATE KEY-----\nMIIJJwIBAAKCAgEAtAomKd95Jpcp7SPK9qiAsA3D/6X7uKdx++VAwPD71Hc22ZHa\nZ7mrykCUf8CB7zz+VlzjkiE/i18wgew0PZ7ezmPp85JAFxUNTxLlS94umln56gYT\nRylvihg02177oxRbxKy5Fevqpir5DuOVeFGGSr2O8iJtGNqG0ZHep8Lwlwv/Ab6B\n4IKjUV9YQJ3xCOj5AwRXnj43oabTL509fjPDy/DCGYHzlw6Lg8aLjgTszdX/tuQ7\nGrDelgT6tmqrsfwgyUSA3KpJ0EVamXAzCW/al7jChw5yurcp+mkpSdtRxhMloz93\nUvcWxx8tshL2A1H0dlqVIfk0T9u+1mlhDqW9u1yeShknYWIYsA06J9xK2Ai0nsZH\ndpAN2fVtsE9+Z0Ai7ngqfRZNAnJVOIjTHHxf+iy1U1on+DAGGjOtOSo7OS533FGE\nV164HkXi+goL52Xkh5z9RAVw9Acj1UVG7SMa3d2bmT+2YSfPQeMRTTak1l9K6SCf\n9g0RVn5KpAjIhgyky1iirf2V/uTrqoueLTx9vjBd0bRDTC/k8xXT/HXO70JAnX4E\nEXPU+hCRoAotZSFjOm/6jgJE5TANlY2ixad43PI1Q0kGzV//eY6rMX/uLCpID7eU\n+TObuMG8rOuZNRryMQ/4SIcbScBYpEVTBkU2peu9aOI+FrsQdsdPzUgrChUCAwEA\nAQKCAgA0fhEKfGGyYriSr7Dpoc+DhT/0Nczi1c9iBkGO/7QtCmUvolrviy8PVSz2\n4oX/3uS5AXRIkvEYDbTy7I9+t+d2faMkpSuSj0zGFVhNeoZT8o/vL75HLUmcFdqz\na0orDjCDc2izf4l20Wi0cp6N6hchi4s2BduRN4W/bKxidW/4WkMLmyP69ZvwicAN\ndv9j/ak8u/Nf6/wEYcOJSms3dJhNyfCNx1niXRdIYIcn7T+t9AsOpBSnf5ImY2VF\n8mwFBOH6TMLVk8DZvJ7hxdjbk4VEX1Y4UnoY/nZ60FZ9djita7+5jTOZOPmnLOwB\n041vAmIob9izgxlBf2xwz2DBCIn8rT2fEnXgEh7ao/OJ9yb8JB/8TLCTbqsg5okT\njn68GzZvoas4RtSCBJfIQitnLXSRgHSTYZSiLrcOhBnElAPByRpz1jXQfSC5Y6sj\nN2B3eA4zUDkmUPvYavfWiClOOO1YTV0+1hslLyzhweI0mF4S1dhTBzAp+GkGCElj\nRQ0YLDAFASf0LSwb7fQpNszQLNvn6Z0Om6Uhf1aT9fodhyIOjtMmHm8ZIeZ7aZo+\nvgVpsSvvSZ7o0iDlUtKk9c/70OyYzrDjpkV/6qQ+VXi8+FbWQ6hCrA7MJ68R3hRG\nVCRRIPTJ3Kke3O6YR3gpeUryJT6IpbGkx43THTxxH4nzcnk3AQKCAQEA6CkWUxUH\nFfRbV4eR798d96tSSLlFvW/b1AoDLsZpo8772dYGUoCTLSm8LBJ0RfID4tUrbhAy\nQUnPltftg3nNNjBmcdcQHSKoA20sgN58hdouv0+sprp1As40rrJDmjlO+0s9+BQ4\ncwWjIxqQ0dvmW1ehuntYCye+ymF4rkz/XO9zO11mXRtoRJxf2951AYlfT6P64V62\nXfghIQ5bcC+/ixrm4TFeY+2o3EWgcJGIVg52td1Y1r6nzwnyA6S1/wzjahGDps7H\n3U91+ZuQDoPv4kK4abpzskbKDtkQYYkqwg29TB9FHUEwuy93RDr7HCJKYwlQF0cy\nBxSp7wcwkBJ9cQKCAQEAxobvtpJKwaA4l0hl3udC8phurAGfSDaRzXDU2AUSbl38\nDIbQBL1B3Vd4zJmEq73g/+S2mpUENoeYi0B3dtdsVVyrZsFkXqrB0QC5MQaiOgyo\n82A6Cn5sD9pZlNB9j5XtDyXpFoSxpsXbN087y+j+wPlSqNHpgh0PWhn+8rooFSbi\nvHlZ/kH7gj6VMNIB8qkQ7/xy3msUxMtjqQV2IhVv55HmLe3Erg2d1kcQQ1OgeIM4\nlhJ0+2CgeIprvt+L69UmINlH0UFsj/nLZZe3gfoXDm5maYo9m4w3dXI1lkyiQhdF\nf1HP1RD1Mb3t6MIlasWbu1569DGlX0N43pDrORQU5QKCAQA6Mtqa10GgelJPnfey\npz8O8E6/VlqqQ5lbDWuA1VJ0MxYlpKaPFhZPExBOCA5H3oSk34V0oPDINyWoDddH\nx0fvVrDHxv8OHrr5qOuoHp4eu/ROFz4Tydg9bM3+IUgbKFSpYFJXl1ITW41q5mT5\nhuO3cD9lzTfkDAGjIE4te7XkaU58ykw3+P/pez34k0rHqNVQ1K22w5R5+BLuA3he\npkmhKIxKVaLw8AoNthKjRYhk8llF/AgiRUcx+q9FxIuvNV7pHxzeuyWVUC8l9J5n\nVSHUmZ87Ofd48JAEqtuVZ9plLSaQJ6Ke09HQivSeER8UDXCSZSpDu6BJ8B8tgaLl\n6wyxAoIBAExXw4LfyuOeq2RxsMsA/5uuxpBap1frtDHee9r+SFIszio7BW9tIBDv\n/EIhnwU0JXwCBb54I4CcsCqMheQrfztsQXVoVSKaY6Htt0mFFYlhKO8+R9OVPhTy\nkJRLgJ1guCKlH3dLW82YNG6Wh5YoaR7oQcMtxbAFYMvzRzksIRHRPEviFptR4Ff7\nnP+DIsCgByViXQHvB7ONyytKMF13BOt2DaAH2SRdlB68gSKC3Ci7vVzoiBfK1qrE\nAB8MdBAijWEAbT+o+wh6tJ7CswzGkWs5RSS8xmg0iXcejkDYA2WK8Wy+lz+GH+Qa\n94wUbLMcfoCVGo8hMEjr92UPMYVnlYkCggEAJiIfgbEkEpINxNyRkoE1F/E7w/nv\nNc5BueWJx9JGQf0c2T5eDEbDjcCKoGg2fRGQfZfnzOlP9bUDkYw5j1k5LB40irRR\ncs0PKEa40peKjqbjVB4bAbm6Ac+Y3w/L5qXgQw1W3ufcTRT4OcVDPus3huTN4Oa/\nWkDAzvVLaGSq7wpeb4L0jciUW/jF1YFU0UTPCadLd2gP/7Oz/CW/PeXnKIpyGKGI\nULjnHbdVSk9Me1Q2AhW6qhv2TleOkh3lUZs/kOhFrGSVts4UJqd51Lgn2e6qXEp+\n21nE1v3H5pIlgZBmi3wgJTSqPBN7dAX5vEg1eL5PH1SvbbPWFjy6ZhHVIg==\n-----END RSA PRIVATE KEY-----\n",
            "content_base64": null,
            "directory_permission": "0777",
            "file_permission": "400",
            "filename": "k8s-cluster-vm-key.pem",
            "id": "43df0e1c86d01d7385867712995094259d306332",
            "sensitive_content": null,
            "source": null
          },
          "sensitive_attributes": [
            [
              {
                "type": "get_attr",
                "value": "content"
              }
            ]
          ],
          "private": "bnVsbA==",
          "dependencies": [
            "module.cluster_key.tls_private_key.keypair"
          ]
        }
      ]
    },
    {
      "module": "module.cluster_key",
      "mode": "managed",
      "type": "tls_private_key",
      "name": "keypair",
      "provider": "provider[\"registry.terraform.io/hashicorp/tls\"]",
      "instances": [
        {
          "schema_version": 0,
          "attributes": {
            "algorithm": "RSA",
            "ecdsa_curve": "P224",
            "id": "914b83ca48ed8a34257779c38e38ae0718a546e5",
            "private_key_pem": "-----BEGIN RSA PRIVATE KEY-----\nMIIJJwIBAAKCAgEAtAomKd95Jpcp7SPK9qiAsA3D/6X7uKdx++VAwPD71Hc22ZHa\nZ7mrykCUf8CB7zz+VlzjkiE/i18wgew0PZ7ezmPp85JAFxUNTxLlS94umln56gYT\nRylvihg02177oxRbxKy5Fevqpir5DuOVeFGGSr2O8iJtGNqG0ZHep8Lwlwv/Ab6B\n4IKjUV9YQJ3xCOj5AwRXnj43oabTL509fjPDy/DCGYHzlw6Lg8aLjgTszdX/tuQ7\nGrDelgT6tmqrsfwgyUSA3KpJ0EVamXAzCW/al7jChw5yurcp+mkpSdtRxhMloz93\nUvcWxx8tshL2A1H0dlqVIfk0T9u+1mlhDqW9u1yeShknYWIYsA06J9xK2Ai0nsZH\ndpAN2fVtsE9+Z0Ai7ngqfRZNAnJVOIjTHHxf+iy1U1on+DAGGjOtOSo7OS533FGE\nV164HkXi+goL52Xkh5z9RAVw9Acj1UVG7SMa3d2bmT+2YSfPQeMRTTak1l9K6SCf\n9g0RVn5KpAjIhgyky1iirf2V/uTrqoueLTx9vjBd0bRDTC/k8xXT/HXO70JAnX4E\nEXPU+hCRoAotZSFjOm/6jgJE5TANlY2ixad43PI1Q0kGzV//eY6rMX/uLCpID7eU\n+TObuMG8rOuZNRryMQ/4SIcbScBYpEVTBkU2peu9aOI+FrsQdsdPzUgrChUCAwEA\nAQKCAgA0fhEKfGGyYriSr7Dpoc+DhT/0Nczi1c9iBkGO/7QtCmUvolrviy8PVSz2\n4oX/3uS5AXRIkvEYDbTy7I9+t+d2faMkpSuSj0zGFVhNeoZT8o/vL75HLUmcFdqz\na0orDjCDc2izf4l20Wi0cp6N6hchi4s2BduRN4W/bKxidW/4WkMLmyP69ZvwicAN\ndv9j/ak8u/Nf6/wEYcOJSms3dJhNyfCNx1niXRdIYIcn7T+t9AsOpBSnf5ImY2VF\n8mwFBOH6TMLVk8DZvJ7hxdjbk4VEX1Y4UnoY/nZ60FZ9djita7+5jTOZOPmnLOwB\n041vAmIob9izgxlBf2xwz2DBCIn8rT2fEnXgEh7ao/OJ9yb8JB/8TLCTbqsg5okT\njn68GzZvoas4RtSCBJfIQitnLXSRgHSTYZSiLrcOhBnElAPByRpz1jXQfSC5Y6sj\nN2B3eA4zUDkmUPvYavfWiClOOO1YTV0+1hslLyzhweI0mF4S1dhTBzAp+GkGCElj\nRQ0YLDAFASf0LSwb7fQpNszQLNvn6Z0Om6Uhf1aT9fodhyIOjtMmHm8ZIeZ7aZo+\nvgVpsSvvSZ7o0iDlUtKk9c/70OyYzrDjpkV/6qQ+VXi8+FbWQ6hCrA7MJ68R3hRG\nVCRRIPTJ3Kke3O6YR3gpeUryJT6IpbGkx43THTxxH4nzcnk3AQKCAQEA6CkWUxUH\nFfRbV4eR798d96tSSLlFvW/b1AoDLsZpo8772dYGUoCTLSm8LBJ0RfID4tUrbhAy\nQUnPltftg3nNNjBmcdcQHSKoA20sgN58hdouv0+sprp1As40rrJDmjlO+0s9+BQ4\ncwWjIxqQ0dvmW1ehuntYCye+ymF4rkz/XO9zO11mXRtoRJxf2951AYlfT6P64V62\nXfghIQ5bcC+/ixrm4TFeY+2o3EWgcJGIVg52td1Y1r6nzwnyA6S1/wzjahGDps7H\n3U91+ZuQDoPv4kK4abpzskbKDtkQYYkqwg29TB9FHUEwuy93RDr7HCJKYwlQF0cy\nBxSp7wcwkBJ9cQKCAQEAxobvtpJKwaA4l0hl3udC8phurAGfSDaRzXDU2AUSbl38\nDIbQBL1B3Vd4zJmEq73g/+S2mpUENoeYi0B3dtdsVVyrZsFkXqrB0QC5MQaiOgyo\n82A6Cn5sD9pZlNB9j5XtDyXpFoSxpsXbN087y+j+wPlSqNHpgh0PWhn+8rooFSbi\nvHlZ/kH7gj6VMNIB8qkQ7/xy3msUxMtjqQV2IhVv55HmLe3Erg2d1kcQQ1OgeIM4\nlhJ0+2CgeIprvt+L69UmINlH0UFsj/nLZZe3gfoXDm5maYo9m4w3dXI1lkyiQhdF\nf1HP1RD1Mb3t6MIlasWbu1569DGlX0N43pDrORQU5QKCAQA6Mtqa10GgelJPnfey\npz8O8E6/VlqqQ5lbDWuA1VJ0MxYlpKaPFhZPExBOCA5H3oSk34V0oPDINyWoDddH\nx0fvVrDHxv8OHrr5qOuoHp4eu/ROFz4Tydg9bM3+IUgbKFSpYFJXl1ITW41q5mT5\nhuO3cD9lzTfkDAGjIE4te7XkaU58ykw3+P/pez34k0rHqNVQ1K22w5R5+BLuA3he\npkmhKIxKVaLw8AoNthKjRYhk8llF/AgiRUcx+q9FxIuvNV7pHxzeuyWVUC8l9J5n\nVSHUmZ87Ofd48JAEqtuVZ9plLSaQJ6Ke09HQivSeER8UDXCSZSpDu6BJ8B8tgaLl\n6wyxAoIBAExXw4LfyuOeq2RxsMsA/5uuxpBap1frtDHee9r+SFIszio7BW9tIBDv\n/EIhnwU0JXwCBb54I4CcsCqMheQrfztsQXVoVSKaY6Htt0mFFYlhKO8+R9OVPhTy\nkJRLgJ1guCKlH3dLW82YNG6Wh5YoaR7oQcMtxbAFYMvzRzksIRHRPEviFptR4Ff7\nnP+DIsCgByViXQHvB7ONyytKMF13BOt2DaAH2SRdlB68gSKC3Ci7vVzoiBfK1qrE\nAB8MdBAijWEAbT+o+wh6tJ7CswzGkWs5RSS8xmg0iXcejkDYA2WK8Wy+lz+GH+Qa\n94wUbLMcfoCVGo8hMEjr92UPMYVnlYkCggEAJiIfgbEkEpINxNyRkoE1F/E7w/nv\nNc5BueWJx9JGQf0c2T5eDEbDjcCKoGg2fRGQfZfnzOlP9bUDkYw5j1k5LB40irRR\ncs0PKEa40peKjqbjVB4bAbm6Ac+Y3w/L5qXgQw1W3ufcTRT4OcVDPus3huTN4Oa/\nWkDAzvVLaGSq7wpeb4L0jciUW/jF1YFU0UTPCadLd2gP/7Oz/CW/PeXnKIpyGKGI\nULjnHbdVSk9Me1Q2AhW6qhv2TleOkh3lUZs/kOhFrGSVts4UJqd51Lgn2e6qXEp+\n21nE1v3H5pIlgZBmi3wgJTSqPBN7dAX5vEg1eL5PH1SvbbPWFjy6ZhHVIg==\n-----END RSA PRIVATE KEY-----\n",
            "public_key_fingerprint_md5": "3d:4f:c4:e3:c3:49:f1:6a:5c:62:ea:5e:f1:ba:f2:fe",
            "public_key_openssh": "ssh-rsa AAAAB3NzaC1yc2EAAAADAQABAAACAQC0CiYp33kmlyntI8r2qICwDcP/pfu4p3H75UDA8PvUdzbZkdpnuavKQJR/wIHvPP5WXOOSIT+LXzCB7DQ9nt7OY+nzkkAXFQ1PEuVL3i6aWfnqBhNHKW+KGDTbXvujFFvErLkV6+qmKvkO45V4UYZKvY7yIm0Y2obRkd6nwvCXC/8BvoHggqNRX1hAnfEI6PkDBFeePjehptMvnT1+M8PL8MIZgfOXDouDxouOBOzN1f+25DsasN6WBPq2aqux/CDJRIDcqknQRVqZcDMJb9qXuMKHDnK6tyn6aSlJ21HGEyWjP3dS9xbHHy2yEvYDUfR2WpUh+TRP277WaWEOpb27XJ5KGSdhYhiwDTon3ErYCLSexkd2kA3Z9W2wT35nQCLueCp9Fk0CclU4iNMcfF/6LLVTWif4MAYaM605Kjs5LnfcUYRXXrgeReL6CgvnZeSHnP1EBXD0ByPVRUbtIxrd3ZuZP7ZhJ89B4xFNNqTWX0rpIJ/2DRFWfkqkCMiGDKTLWKKt/ZX+5Ouqi54tPH2+MF3RtENML+TzFdP8dc7vQkCdfgQRc9T6EJGgCi1lIWM6b/qOAkTlMA2VjaLFp3jc8jVDSQbNX/95jqsxf+4sKkgPt5T5M5u4wbys65k1GvIxD/hIhxtJwFikRVMGRTal671o4j4WuxB2x0/NSCsKFQ==\n",
            "public_key_pem": "-----BEGIN PUBLIC KEY-----\nMIICIjANBgkqhkiG9w0BAQEFAAOCAg8AMIICCgKCAgEAtAomKd95Jpcp7SPK9qiA\nsA3D/6X7uKdx++VAwPD71Hc22ZHaZ7mrykCUf8CB7zz+VlzjkiE/i18wgew0PZ7e\nzmPp85JAFxUNTxLlS94umln56gYTRylvihg02177oxRbxKy5Fevqpir5DuOVeFGG\nSr2O8iJtGNqG0ZHep8Lwlwv/Ab6B4IKjUV9YQJ3xCOj5AwRXnj43oabTL509fjPD\ny/DCGYHzlw6Lg8aLjgTszdX/tuQ7GrDelgT6tmqrsfwgyUSA3KpJ0EVamXAzCW/a\nl7jChw5yurcp+mkpSdtRxhMloz93UvcWxx8tshL2A1H0dlqVIfk0T9u+1mlhDqW9\nu1yeShknYWIYsA06J9xK2Ai0nsZHdpAN2fVtsE9+Z0Ai7ngqfRZNAnJVOIjTHHxf\n+iy1U1on+DAGGjOtOSo7OS533FGEV164HkXi+goL52Xkh5z9RAVw9Acj1UVG7SMa\n3d2bmT+2YSfPQeMRTTak1l9K6SCf9g0RVn5KpAjIhgyky1iirf2V/uTrqoueLTx9\nvjBd0bRDTC/k8xXT/HXO70JAnX4EEXPU+hCRoAotZSFjOm/6jgJE5TANlY2ixad4\n3PI1Q0kGzV//eY6rMX/uLCpID7eU+TObuMG8rOuZNRryMQ/4SIcbScBYpEVTBkU2\npeu9aOI+FrsQdsdPzUgrChUCAwEAAQ==\n-----END PUBLIC KEY-----\n",
            "rsa_bits": 4096
          },
          "sensitive_attributes": [],
          "private": "bnVsbA=="
        }
      ]
    },
    {
      "module": "module.git",
      "mode": "managed",
      "type": "github_repository_file",
      "name": "inventoryfile",
      "provider": "module.git.provider[\"registry.terraform.io/hashicorp/github\"]",
      "instances": [
        {
          "schema_version": 0,
          "attributes": {
            "branch": "main",
            "commit_author": "Akhilesh Jain",
            "commit_email": "akhileshjain9221@gmail.com",
            "commit_message": "Ansible Inventory file updated",
            "commit_sha": "58099128917520a25e87015a4d50b3826c558f29",
            "content": "[aws_master]\n15.206.147.202 ansible_user=centos\n\n[aws_slave1]\n3.110.208.228 ansible_user=centos\n\n[azure_slave1]\n20.204.107.11 ansible_user=akhil ansible_become_password=Akhil29@\n\n[slaves:children]\naws_slave1\nazure_slave1\n",
            "file": "inventory",
            "id": "Ansible-Internship-Project/inventory",
            "overwrite_on_create": true,
            "repository": "Ansible-Internship-Project",
            "sha": "eecc22bdccf0d5ec63f8927785266061c35378bf"
          },
          "sensitive_attributes": [],
          "private": "bnVsbA==",
          "dependencies": [
            "module.aws.aws_instance.k8s-master",
            "module.aws.aws_instance.k8s-slave",
            "module.aws.aws_security_group.secure",
            "module.aws.aws_subnet.mysubnet1",
            "module.aws.aws_vpc.myvpc",
            "module.azure.azurerm_linux_virtual_machine.azure_slave_vm",
            "module.azure.azurerm_network_interface.vm_nic",
            "module.azure.azurerm_public_ip.vm_pubip",
            "module.azure.azurerm_resource_group.myrg",
            "module.azure.azurerm_subnet.vm_subnet",
            "module.azure.azurerm_virtual_network.vpc",
            "module.cluster_key.local_file.privatekey",
            "module.cluster_key.tls_private_key.keypair"
          ]
        }
      ]
    },
    {
      "module": "module.git",
      "mode": "managed",
      "type": "github_repository_file",
      "name": "publickey",
      "provider": "module.git.provider[\"registry.terraform.io/hashicorp/github\"]",
      "instances": [
        {
          "schema_version": 0,
          "attributes": {
            "branch": "main",
            "commit_author": "Akhilesh Jain",
            "commit_email": "akhileshjain9221@gmail.com",
            "commit_message": "Ansible Inventory file updated",
            "commit_sha": "09741db8b1cd627500436a49595ef025cf75a448",
            "content": "-----BEGIN RSA PRIVATE KEY-----\nMIIJJwIBAAKCAgEAtAomKd95Jpcp7SPK9qiAsA3D/6X7uKdx++VAwPD71Hc22ZHa\nZ7mrykCUf8CB7zz+VlzjkiE/i18wgew0PZ7ezmPp85JAFxUNTxLlS94umln56gYT\nRylvihg02177oxRbxKy5Fevqpir5DuOVeFGGSr2O8iJtGNqG0ZHep8Lwlwv/Ab6B\n4IKjUV9YQJ3xCOj5AwRXnj43oabTL509fjPDy/DCGYHzlw6Lg8aLjgTszdX/tuQ7\nGrDelgT6tmqrsfwgyUSA3KpJ0EVamXAzCW/al7jChw5yurcp+mkpSdtRxhMloz93\nUvcWxx8tshL2A1H0dlqVIfk0T9u+1mlhDqW9u1yeShknYWIYsA06J9xK2Ai0nsZH\ndpAN2fVtsE9+Z0Ai7ngqfRZNAnJVOIjTHHxf+iy1U1on+DAGGjOtOSo7OS533FGE\nV164HkXi+goL52Xkh5z9RAVw9Acj1UVG7SMa3d2bmT+2YSfPQeMRTTak1l9K6SCf\n9g0RVn5KpAjIhgyky1iirf2V/uTrqoueLTx9vjBd0bRDTC/k8xXT/HXO70JAnX4E\nEXPU+hCRoAotZSFjOm/6jgJE5TANlY2ixad43PI1Q0kGzV//eY6rMX/uLCpID7eU\n+TObuMG8rOuZNRryMQ/4SIcbScBYpEVTBkU2peu9aOI+FrsQdsdPzUgrChUCAwEA\nAQKCAgA0fhEKfGGyYriSr7Dpoc+DhT/0Nczi1c9iBkGO/7QtCmUvolrviy8PVSz2\n4oX/3uS5AXRIkvEYDbTy7I9+t+d2faMkpSuSj0zGFVhNeoZT8o/vL75HLUmcFdqz\na0orDjCDc2izf4l20Wi0cp6N6hchi4s2BduRN4W/bKxidW/4WkMLmyP69ZvwicAN\ndv9j/ak8u/Nf6/wEYcOJSms3dJhNyfCNx1niXRdIYIcn7T+t9AsOpBSnf5ImY2VF\n8mwFBOH6TMLVk8DZvJ7hxdjbk4VEX1Y4UnoY/nZ60FZ9djita7+5jTOZOPmnLOwB\n041vAmIob9izgxlBf2xwz2DBCIn8rT2fEnXgEh7ao/OJ9yb8JB/8TLCTbqsg5okT\njn68GzZvoas4RtSCBJfIQitnLXSRgHSTYZSiLrcOhBnElAPByRpz1jXQfSC5Y6sj\nN2B3eA4zUDkmUPvYavfWiClOOO1YTV0+1hslLyzhweI0mF4S1dhTBzAp+GkGCElj\nRQ0YLDAFASf0LSwb7fQpNszQLNvn6Z0Om6Uhf1aT9fodhyIOjtMmHm8ZIeZ7aZo+\nvgVpsSvvSZ7o0iDlUtKk9c/70OyYzrDjpkV/6qQ+VXi8+FbWQ6hCrA7MJ68R3hRG\nVCRRIPTJ3Kke3O6YR3gpeUryJT6IpbGkx43THTxxH4nzcnk3AQKCAQEA6CkWUxUH\nFfRbV4eR798d96tSSLlFvW/b1AoDLsZpo8772dYGUoCTLSm8LBJ0RfID4tUrbhAy\nQUnPltftg3nNNjBmcdcQHSKoA20sgN58hdouv0+sprp1As40rrJDmjlO+0s9+BQ4\ncwWjIxqQ0dvmW1ehuntYCye+ymF4rkz/XO9zO11mXRtoRJxf2951AYlfT6P64V62\nXfghIQ5bcC+/ixrm4TFeY+2o3EWgcJGIVg52td1Y1r6nzwnyA6S1/wzjahGDps7H\n3U91+ZuQDoPv4kK4abpzskbKDtkQYYkqwg29TB9FHUEwuy93RDr7HCJKYwlQF0cy\nBxSp7wcwkBJ9cQKCAQEAxobvtpJKwaA4l0hl3udC8phurAGfSDaRzXDU2AUSbl38\nDIbQBL1B3Vd4zJmEq73g/+S2mpUENoeYi0B3dtdsVVyrZsFkXqrB0QC5MQaiOgyo\n82A6Cn5sD9pZlNB9j5XtDyXpFoSxpsXbN087y+j+wPlSqNHpgh0PWhn+8rooFSbi\nvHlZ/kH7gj6VMNIB8qkQ7/xy3msUxMtjqQV2IhVv55HmLe3Erg2d1kcQQ1OgeIM4\nlhJ0+2CgeIprvt+L69UmINlH0UFsj/nLZZe3gfoXDm5maYo9m4w3dXI1lkyiQhdF\nf1HP1RD1Mb3t6MIlasWbu1569DGlX0N43pDrORQU5QKCAQA6Mtqa10GgelJPnfey\npz8O8E6/VlqqQ5lbDWuA1VJ0MxYlpKaPFhZPExBOCA5H3oSk34V0oPDINyWoDddH\nx0fvVrDHxv8OHrr5qOuoHp4eu/ROFz4Tydg9bM3+IUgbKFSpYFJXl1ITW41q5mT5\nhuO3cD9lzTfkDAGjIE4te7XkaU58ykw3+P/pez34k0rHqNVQ1K22w5R5+BLuA3he\npkmhKIxKVaLw8AoNthKjRYhk8llF/AgiRUcx+q9FxIuvNV7pHxzeuyWVUC8l9J5n\nVSHUmZ87Ofd48JAEqtuVZ9plLSaQJ6Ke09HQivSeER8UDXCSZSpDu6BJ8B8tgaLl\n6wyxAoIBAExXw4LfyuOeq2RxsMsA/5uuxpBap1frtDHee9r+SFIszio7BW9tIBDv\n/EIhnwU0JXwCBb54I4CcsCqMheQrfztsQXVoVSKaY6Htt0mFFYlhKO8+R9OVPhTy\nkJRLgJ1guCKlH3dLW82YNG6Wh5YoaR7oQcMtxbAFYMvzRzksIRHRPEviFptR4Ff7\nnP+DIsCgByViXQHvB7ONyytKMF13BOt2DaAH2SRdlB68gSKC3Ci7vVzoiBfK1qrE\nAB8MdBAijWEAbT+o+wh6tJ7CswzGkWs5RSS8xmg0iXcejkDYA2WK8Wy+lz+GH+Qa\n94wUbLMcfoCVGo8hMEjr92UPMYVnlYkCggEAJiIfgbEkEpINxNyRkoE1F/E7w/nv\nNc5BueWJx9JGQf0c2T5eDEbDjcCKoGg2fRGQfZfnzOlP9bUDkYw5j1k5LB40irRR\ncs0PKEa40peKjqbjVB4bAbm6Ac+Y3w/L5qXgQw1W3ufcTRT4OcVDPus3huTN4Oa/\nWkDAzvVLaGSq7wpeb4L0jciUW/jF1YFU0UTPCadLd2gP/7Oz/CW/PeXnKIpyGKGI\nULjnHbdVSk9Me1Q2AhW6qhv2TleOkh3lUZs/kOhFrGSVts4UJqd51Lgn2e6qXEp+\n21nE1v3H5pIlgZBmi3wgJTSqPBN7dAX5vEg1eL5PH1SvbbPWFjy6ZhHVIg==\n-----END RSA PRIVATE KEY-----\n",
            "file": "k8s-cluster-vm-key.pem",
            "id": "Ansible-Internship-Project/k8s-cluster-vm-key.pem",
            "overwrite_on_create": true,
            "repository": "Ansible-Internship-Project",
            "sha": "3874e3a10eb295a4d4942d22515d6c441e8dfbbb"
          },
          "sensitive_attributes": [
            [
              {
                "type": "get_attr",
                "value": "content"
              }
            ]
          ],
          "private": "bnVsbA==",
          "dependencies": [
            "module.cluster_key.tls_private_key.keypair"
          ]
        }
      ]
    }
  ]
}
